<Solution>
  <Folder Name="/src/">
    <Project Path="src/Modeller.Conformance/Modeller.Conformance.csproj" />
    <Project Path="src/Modeller.Model/Modeller.Model.csproj" />
  </Folder>
  <Folder Name="/tests/">
    <Project Path="tests/Modeller.Conformance.Tests/Modeller.Conformance.Tests.csproj" />
    <Project Path="tests/Modeller.Model.Tests/Modeller.Model.Tests.csproj" />
  </Folder>
</Solution>
